// !$*UTF8*$!
{
	archiveVersion = 1;
	classes = {
	};
	objectVersion = 50;
	objects = {

/* Begin PBXBuildFile section */
		04E78BD32684F77E00733688 /* AppDelegate.swift in Sources */ = {isa = PBXBuildFile; fileRef = 04E78BD22684F77E00733688 /* AppDelegate.swift */; };
		04E78BD52684F77E00733688 /* SceneDelegate.swift in Sources */ = {isa = PBXBuildFile; fileRef = 04E78BD42684F77E00733688 /* SceneDelegate.swift */; };
		04E78BD72684F77E00733688 /* Home.swift in Sources */ = {isa = PBXBuildFile; fileRef = 04E78BD62684F77E00733688 /* Home.swift */; };
		04E78BD92684F78000733688 /* Assets.xcassets in Resources */ = {isa = PBXBuildFile; fileRef = 04E78BD82684F78000733688 /* Assets.xcassets */; };
		04E78BDC2684F78000733688 /* Preview Assets.xcassets in Resources */ = {isa = PBXBuildFile; fileRef = 04E78BDB2684F78000733688 /* Preview Assets.xcassets */; };
		04E78BDF2684F78000733688 /* LaunchScreen.storyboard in Resources */ = {isa = PBXBuildFile; fileRef = 04E78BDD2684F78000733688 /* LaunchScreen.storyboard */; };
		04E78BFF2685405F00733688 /* Video.swift in Sources */ = {isa = PBXBuildFile; fileRef = 04E78BFE2685405F00733688 /* Video.swift */; };
		04E78C01268542D500733688 /* HomeDetails.swift in Sources */ = {isa = PBXBuildFile; fileRef = 04E78C00268542D500733688 /* HomeDetails.swift */; };
/* End PBXBuildFile section */

/* Begin PBXFileReference section */
		04E78BCF2684F77E00733688 /* TableViewSwiftUI.app */ = {isa = PBXFileReference; explicitFileType = wrapper.application; includeInIndex = 0; path = TableViewSwiftUI.app; sourceTree = BUILT_PRODUCTS_DIR; };
		04E78BD22684F77E00733688 /* AppDelegate.swift */ = {isa = PBXFileReference; lastKnownFileType = sourcecode.swift; path = AppDelegate.swift; sourceTree = "<group>"; };
		04E78BD42684F77E00733688 /* SceneDelegate.swift */ = {isa = PBXFileReference; lastKnownFileType = sourcecode.swift; path = SceneDelegate.swift; sourceTree = "<group>"; };
		04E78BD62684F77E00733688 /* Home.swift */ = {isa = PBXFileReference; lastKnownFileType = sourcecode.swift; path = Home.swift; sourceTree = "<group>"; };
		04E78BD82684F78000733688 /* Assets.xcassets */ = {isa = PBXFileReference; lastKnownFileType = folder.assetcatalog; path = Assets.xcassets; sourceTree = "<group>"; };
		04E78BDB2684F78000733688 /* Preview Assets.xcassets */ = {isa = PBXFileReference; lastKnownFileType = folder.assetcatalog; path = "Preview Assets.xcassets"; sourceTree = "<group>"; };
		04E78BDE2684F78000733688 /* Base */ = {isa = PBXFileReference; lastKnownFileType = file.storyboard; name = Base; path = Base.lproj/LaunchScreen.storyboard; sourceTree = "<group>"; };
		04E78BE02684F78000733688 /* Info.plist */ = {isa = PBXFileReference; lastKnownFileType = text.plist.xml; path = Info.plist; sourceTree = "<group>"; };
		04E78BFE2685405F00733688 /* Video.swift */ = {isa = PBXFileReference; lastKnownFileType = sourcecode.swift; path = Video.swift; sourceTree = "<group>"; };
		04E78C00268542D500733688 /* HomeDetails.swift */ = {isa = PBXFileReference; lastKnownFileType = sourcecode.swift; path = HomeDetails.swift; sourceTree = "<group>"; };
/* End PBXFileReference section */

/* Begin PBXFrameworksBuildPhase section */
		04E78BCC2684F77E00733688 /* Frameworks */ = {
			isa = PBXFrameworksBuildPhase;
			buildActionMask = 2147483647;
			files = (
			);
			runOnlyForDeploymentPostprocessing = 0;
		};
/* End PBXFrameworksBuildPhase section */

/* Begin PBXGroup section */
		0453CA2E2686478600CF3BD0 /* View */ = {
			isa = PBXGroup;
			children = (
				04E78C00268542D500733688 /* HomeDetails.swift */,
			);
			path = View;
			sourceTree = "<group>";
		};
		0453CA2F2686479800CF3BD0 /* Model */ = {
			isa = PBXGroup;
			children = (
				04E78BFE2685405F00733688 /* Video.swift */,
			);
			path = Model;
			sourceTree = "<group>";
		};
		04E78BC62684F77E00733688 = {
			isa = PBXGroup;
			children = (
				04E78BD12684F77E00733688 /* TableViewSwiftUI */,
				04E78BD02684F77E00733688 /* Products */,
			);
			sourceTree = "<group>";
		};
		04E78BD02684F77E00733688 /* Products */ = {
			isa = PBXGroup;
			children = (
				04E78BCF2684F77E00733688 /* TableViewSwiftUI.app */,
			);
			name = Products;
			sourceTree = "<group>";
		};
		04E78BD12684F77E00733688 /* TableViewSwiftUI */ = {
			isa = PBXGroup;
			children = (
				04E78BFA26852B2F00733688 /* Core */,
				04E78BF4268529E200733688 /* Home */,
				04E78BFB26853B9500733688 /* HomeDatails */,
				04E78BD82684F78000733688 /* Assets.xcassets */,
				04E78BDD2684F78000733688 /* LaunchScreen.storyboard */,
				04E78BE02684F78000733688 /* Info.plist */,
				04E78BDA2684F78000733688 /* Preview Content */,
			);
			path = TableViewSwiftUI;
			sourceTree = "<group>";
		};
		04E78BDA2684F78000733688 /* Preview Content */ = {
			isa = PBXGroup;
			children = (
				04E78BDB2684F78000733688 /* Preview Assets.xcassets */,
			);
			path = "Preview Content";
			sourceTree = "<group>";
		};
		04E78BF4268529E200733688 /* Home */ = {
			isa = PBXGroup;
			children = (
				04E78BF5268529FE00733688 /* View */,
			);
			path = Home;
			sourceTree = "<group>";
		};
		04E78BF5268529FE00733688 /* View */ = {
			isa = PBXGroup;
			children = (
				04E78BD62684F77E00733688 /* Home.swift */,
			);
			path = View;
			sourceTree = "<group>";
		};
		04E78BFA26852B2F00733688 /* Core */ = {
			isa = PBXGroup;
			children = (
				04E78BD22684F77E00733688 /* AppDelegate.swift */,
				04E78BD42684F77E00733688 /* SceneDelegate.swift */,
			);
			path = Core;
			sourceTree = "<group>";
		};
		04E78BFB26853B9500733688 /* HomeDatails */ = {
			isa = PBXGroup;
			children = (
				0453CA2E2686478600CF3BD0 /* View */,
				0453CA2F2686479800CF3BD0 /* Model */,
			);
			path = HomeDatails;
			sourceTree = "<group>";
		};
/* End PBXGroup section */

/* Begin PBXNativeTarget section */
		04E78BCE2684F77E00733688 /* TableViewSwiftUI */ = {
			isa = PBXNativeTarget;
			buildConfigurationList = 04E78BE32684F78000733688 /* Build configuration list for PBXNativeTarget "TableViewSwiftUI" */;
			buildPhases = (
				04E78BCB2684F77E00733688 /* Sources */,
				04E78BCC2684F77E00733688 /* Frameworks */,
				04E78BCD2684F77E00733688 /* Resources */,
			);
			buildRules = (
			);
			dependencies = (
			);
			name = TableViewSwiftUI;
			productName = TableViewAndPassingData;
			productReference = 04E78BCF2684F77E00733688 /* TableViewSwiftUI.app */;
			productType = "com.apple.product-type.application";
		};
/* End PBXNativeTarget section */

/* Begin PBXProject section */
		04E78BC72684F77E00733688 /* Project object */ = {
			isa = PBXProject;
			attributes = {
				LastSwiftUpdateCheck = 1250;
				LastUpgradeCheck = 1250;
				TargetAttributes = {
					04E78BCE2684F77E00733688 = {
						CreatedOnToolsVersion = 12.5;
					};
				};
			};
			buildConfigurationList = 04E78BCA2684F77E00733688 /* Build configuration list for PBXProject "TableViewSwiftUI" */;
			compatibilityVersion = "Xcode 9.3";
			developmentRegion = en;
			hasScannedForEncodings = 0;
			knownRegions = (
				en,
				Base,
			);
			mainGroup = 04E78BC62684F77E00733688;
			productRefGroup = 04E78BD02684F77E00733688 /* Products */;
			projectDirPath = "";
			projectRoot = "";
			targets = (
				04E78BCE2684F77E00733688 /* TableViewSwiftUI */,
			);
		};
/* End PBXProject section */

/* Begin PBXResourcesBuildPhase section */
		04E78BCD2684F77E00733688 /* Resources */ = {
			isa = PBXResourcesBuildPhase;
			buildActionMask = 2147483647;
			files = (
				04E78BDF2684F78000733688 /* LaunchScreen.storyboard in Resources */,
				04E78BDC2684F78000733688 /* Preview Assets.xcassets in Resources */,
				04E78BD92684F78000733688 /* Assets.xcassets in Resources */,
			);
			runOnlyForDeploymentPostprocessing = 0;
		};
/* End PBXResourcesBuildPhase section */

/* Begin PBXSourcesBuildPhase section */
		04E78BCB2684F77E00733688 /* Sources */ = {
			isa = PBXSourcesBuildPhase;
			buildActionMask = 2147483647;
			files = (
				04E78BFF2685405F00733688 /* Video.swift in Sources */,
				04E78BD32684F77E00733688 /* AppDelegate.swift in Sources */,
				04E78BD52684F77E00733688 /* SceneDelegate.swift in Sources */,
				04E78BD72684F77E00733688 /* Home.swift in Sources */,
				04E78C01268542D500733688 /* HomeDetails.swift in Sources */,
			);
			runOnlyForDeploymentPostprocessing = 0;
		};
/* End PBXSourcesBuildPhase section */

/* Begin PBXVariantGroup section */
		04E78BDD2684F78000733688 /* LaunchScreen.storyboard */ = {
			isa = PBXVariantGroup;
			children = (
				04E78BDE2684F78000733688 /* Base */,
			);
			name = LaunchScreen.storyboard;
			sourceTree = "<group>";
		};
/* End PBXVariantGroup section */

/* Begin XCBuildConfiguration section */
		04E78BE12684F78000733688 /* Debug */ = {
			isa = XCBuildConfiguration;
			buildSettings = {
				ALWAYS_SEARCH_USER_PATHS = NO;
				CLANG_ANALYZER_NONNULL = YES;
				CLANG_ANALYZER_NUMBER_OBJECT_CONVERSION = YES_AGGRESSIVE;
				CLANG_CXX_LANGUAGE_STANDARD = "gnu++14";
				CLANG_CXX_LIBRARY = "libc++";
				CLANG_ENABLE_MODULES = YES;
				CLANG_ENABLE_OBJC_ARC = YES;
				CLANG_ENABLE_OBJC_WEAK = YES;
				CLANG_WARN_BLOCK_CAPTURE_AUTORELEASING = YES;
				CLANG_WARN_BOOL_CONVERSION = YES;
				CLANG_WARN_COMMA = YES;
				CLANG_WARN_CONSTANT_CONVERSION = YES;
				CLANG_WARN_DEPRECATED_OBJC_IMPLEMENTATIONS = YES;
				CLANG_WARN_DIRECT_OBJC_ISA_USAGE = YES_ERROR;
				CLANG_WARN_DOCUMENTATION_COMMENTS = YES;
				CLANG_WARN_EMPTY_BODY = YES;
				CLANG_WARN_ENUM_CONVERSION = YES;
				CLANG_WARN_INFINITE_RECURSION = YES;
				CLANG_WARN_INT_CONVERSION = YES;
				CLANG_WARN_NON_LITERAL_NULL_CONVERSION = YES;
				CLANG_WARN_OBJC_IMPLICIT_RETAIN_SELF = YES;
				CLANG_WARN_OBJC_LITERAL_CONVERSION = YES;
				CLANG_WARN_OBJC_ROOT_CLASS = YES_ERROR;
				CLANG_WARN_QUOTED_INCLUDE_IN_FRAMEWORK_HEADER = YES;
				CLANG_WARN_RANGE_LOOP_ANALYSIS = YES;
				CLANG_WARN_STRICT_PROTOTYPES = YES;
				CLANG_WARN_SUSPICIOUS_MOVE = YES;
				CLANG_WARN_UNGUARDED_AVAILABILITY = YES_AGGRESSIVE;
				CLANG_WARN_UNREACHABLE_CODE = YES;
				CLANG_WARN__DUPLICATE_METHOD_MATCH = YES;
				COPY_PHASE_STRIP = NO;
				DEBUG_INFORMATION_FORMAT = dwarf;
				ENABLE_STRICT_OBJC_MSGSEND = YES;
				ENABLE_TESTABILITY = YES;
				GCC_C_LANGUAGE_STANDARD = gnu11;
				GCC_DYNAMIC_NO_PIC = NO;
				GCC_NO_COMMON_BLOCKS = YES;
				GCC_OPTIMIZATION_LEVEL = 0;
				GCC_PREPROCESSOR_DEFINITIONS = (
					"DEBUG=1",
					"$(inherited)",
				);
				GCC_WARN_64_TO_32_BIT_CONVERSION = YES;
				GCC_WARN_ABOUT_RETURN_TYPE = YES_ERROR;
				GCC_WARN_UNDECLARED_SELECTOR = YES;
				GCC_WARN_UNINITIALIZED_AUTOS = YES_AGGRESSIVE;
				GCC_WARN_UNUSED_FUNCTION = YES;
				GCC_WARN_UNUSED_VARIABLE = YES;
				IPHONEOS_DEPLOYMENT_TARGET = 14.5;
				MTL_ENABLE_DEBUG_INFO = INCLUDE_SOURCE;
				MTL_FAST_MATH = YES;
				ONLY_ACTIVE_ARCH = YES;
				SDKROOT = iphoneos;
				SWIFT_ACTIVE_COMPILATION_CONDITIONS = DEBUG;
				SWIFT_OPTIMIZATION_LEVEL = "-Onone";
			};
			name = Debug;
		};
		04E78BE22684F78000733688 /* Release */ = {
			isa = XCBuildConfiguration;
			buildSettings = {
				ALWAYS_SEARCH_USER_PATHS = NO;
				CLANG_ANALYZER_NONNULL = YES;
				CLANG_ANALYZER_NUMBER_OBJECT_CONVERSION = YES_AGGRESSIVE;
				CLANG_CXX_LANGUAGE_STANDARD = "gnu++14";
				CLANG_CXX_LIBRARY = "libc++";
				CLANG_ENABLE_MODULES = YES;
				CLANG_ENABLE_OBJC_ARC = YES;
				CLANG_ENABLE_OBJC_WEAK = YES;
				CLANG_WARN_BLOCK_CAPTURE_AUTORELEASING = YES;
				CLANG_WARN_BOOL_CONVERSION = YES;
				CLANG_WARN_COMMA = YES;
				CLANG_WARN_CONSTANT_CONVERSION = YES;
				CLANG_WARN_DEPRECATED_OBJC_IMPLEMENTATIONS = YES;
				CLANG_WARN_DIRECT_OBJC_ISA_USAGE = YES_ERROR;
				CLANG_WARN_DOCUMENTATION_COMMENTS = YES;
				CLANG_WARN_EMPTY_BODY = YES;
				CLANG_WARN_ENUM_CONVERSION = YES;
				CLANG_WARN_INFINITE_RECURSION = YES;
				CLANG_WARN_INT_CONVERSION = YES;
				CLANG_WARN_NON_LITERAL_NULL_CONVERSION = YES;
				CLANG_WARN_OBJC_IMPLICIT_RETAIN_SELF = YES;
				CLANG_WARN_OBJC_LITERAL_CONVERSION = YES;
				CLANG_WARN_OBJC_ROOT_CLASS = YES_ERROR;
				CLANG_WARN_QUOTED_INCLUDE_IN_FRAMEWORK_HEADER = YES;
				CLANG_WARN_RANGE_LOOP_ANALYSIS = YES;
				CLANG_WARN_STRICT_PROTOTYPES = YES;
				CLANG_WARN_SUSPICIOUS_MOVE = YES;
				CLANG_WARN_UNGUARDED_AVAILABILITY = YES_AGGRESSIVE;
				CLANG_WARN_UNREACHABLE_CODE = YES;
				CLANG_WARN__DUPLICATE_METHOD_MATCH = YES;
				COPY_PHASE_STRIP = NO;
				DEBUG_INFORMATION_FORMAT = "dwarf-with-dsym";
				ENABLE_NS_ASSERTIONS = NO;
				ENABLE_STRICT_OBJC_MSGSEND = YES;
				GCC_C_LANGUAGE_STANDARD = gnu11;
				GCC_NO_COMMON_BLOCKS = YES;
				GCC_WARN_64_TO_32_BIT_CONVERSION = YES;
				GCC_WARN_ABOUT_RETURN_TYPE = YES_ERROR;
				GCC_WARN_UNDECLARED_SELECTOR = YES;
				GCC_WARN_UNINITIALIZED_AUTOS = YES_AGGRESSIVE;
				GCC_WARN_UNUSED_FUNCTION = YES;
				GCC_WARN_UNUSED_VARIABLE = YES;
				IPHONEOS_DEPLOYMENT_TARGET = 14.5;
				MTL_ENABLE_DEBUG_INFO = NO;
				MTL_FAST_MATH = YES;
				SDKROOT = iphoneos;
				SWIFT_COMPILATION_MODE = wholemodule;
				SWIFT_OPTIMIZATION_LEVEL = "-O";
				VALIDATE_PRODUCT = YES;
			};
			name = Release;
		};
		04E78BE42684F78000733688 /* Debug */ = {
			isa = XCBuildConfiguration;
			buildSettings = {
				ASSETCATALOG_COMPILER_APPICON_NAME = AppIcon;
				ASSETCATALOG_COMPILER_GLOBAL_ACCENT_COLOR_NAME = AccentColor;
				CODE_SIGN_STYLE = Automatic;
				DEVELOPMENT_ASSET_PATHS = "\"TableViewSwiftUI/Preview Content\"";
				ENABLE_PREVIEWS = YES;
				INFOPLIST_FILE = TableViewSwiftUI/Info.plist;
				LD_RUNPATH_SEARCH_PATHS = (
					"$(inherited)",
					"@executable_path/Frameworks",
				);
				PRODUCT_BUNDLE_IDENTIFIER = com.Ahmedkamal.TableViewSwiftUI;
				PRODUCT_NAME = "$(TARGET_NAME)";
				SWIFT_VERSION = 5.0;
				TARGETED_DEVICE_FAMILY = "1,2";
			};
			name = Debug;
		};
		04E78BE52684F78000733688 /* Release */ = {
			isa = XCBuildConfiguration;
			buildSettings = {
				ASSETCATALOG_COMPILER_APPICON_NAME = AppIcon;
				ASSETCATALOG_COMPILER_GLOBAL_ACCENT_COLOR_NAME = AccentColor;
				CODE_SIGN_STYLE = Automatic;
				DEVELOPMENT_ASSET_PATHS = "\"TableViewSwiftUI/Preview Content\"";
				ENABLE_PREVIEWS = YES;
				INFOPLIST_FILE = TableViewSwiftUI/Info.plist;
				LD_RUNPATH_SEARCH_PATHS = (
					"$(inherited)",
					"@executable_path/Frameworks",
				);
				PRODUCT_BUNDLE_IDENTIFIER = com.Ahmedkamal.TableViewSwiftUI;
				PRODUCT_NAME = "$(TARGET_NAME)";
				SWIFT_VERSION = 5.0;
				TARGETED_DEVICE_FAMILY = "1,2";
			};
			name = Release;
		};
/* End XCBuildConfiguration section */

/* Begin XCConfigurationList section */
		04E78BCA2684F77E00733688 /* Build configuration list for PBXProject "TableViewSwiftUI" */ = {
			isa = XCConfigurationList;
			buildConfigurations = (
				04E78BE12684F78000733688 /* Debug */,
				04E78BE22684F78000733688 /* Release */,
			);
			defaultConfigurationIsVisible = 0;
			defaultConfigurationName = Release;
		};
		04E78BE32684F78000733688 /* Build configuration list for PBXNativeTarget "TableViewSwiftUI" */ = {
			isa = XCConfigurationList;
			buildConfigurations = (
				04E78BE42684F78000733688 /* Debug */,
				04E78BE52684F78000733688 /* Release */,
			);
			defaultConfigurationIsVisible = 0;
			defaultConfigurationName = Release;
		};
/* End XCConfigurationList section */
	};
	rootObject = 04E78BC72684F77E00733688 /* Project object */;
}
